
Microsoft Visual Studio Solution File, Format Version 12.00
# Visual Studio 15
VisualStudioVersion = 15.0.28010.2046
MinimumVisualStudioVersion = 10.0.40219.1
Project("{FAE04EC0-301F-11D3-BF4B-00C04F79EFBC}") = "InertiaMage.SpellEditor.Presentation.Console", "src\InertiaMage.SpellEditor.Presentation\Console\InertiaMage.SpellEditor.Presentation.Console.csproj", "{C916F412-9256-4F75-AAF2-5BD043C3D0BF}"
EndProject
Project("{FAE04EC0-301F-11D3-BF4B-00C04F79EFBC}") = "InertiaMage.SpellEditor.Presentation.WPF", "src\InertiaMage.SpellEditor.Presentation\WPF\InertiaMage.SpellEditor.Presentation.WPF.csproj", "{894B109C-9286-4977-B60A-6243E69FF279}"
EndProject
Project("{FAE04EC0-301F-11D3-BF4B-00C04F79EFBC}") = "InertiaMage.SpellEditor.Presentation.WinForms", "src\InertiaMage.SpellEditor.Presentation\WinForms\InertiaMage.SpellEditor.Presentation.WinForms.csproj", "{4EE3A5AE-A0F4-4844-90D3-48BD44EE00F6}"
EndProject
Project("{FAE04EC0-301F-11D3-BF4B-00C04F79EFBC}") = "InertiaMage.SpellEditor.Core", "src\InertiaMage.SpellEditor.Core\InertiaMage.SpellEditor.Core.csproj", "{E115812F-D357-4F26-8BE3-127F7AECAF35}"
EndProject
Project("{FAE04EC0-301F-11D3-BF4B-00C04F79EFBC}") = "InertiaMage.Game.Presentation", "src\InertiaMage.Game.Presentation\InertiaMage.Game.Presentation.csproj", "{BFE1296E-03E1-467D-A9F0-ADDE0D570ABB}"
EndProject
Project("{FAE04EC0-301F-11D3-BF4B-00C04F79EFBC}") = "InertiaMage.Game.Core", "src\InertiaMage.Game.Core\InertiaMage.Game.Core.csproj", "{F413B9EC-06DB-4494-9A8D-F8861121BBDD}"
EndProject
Global
	GlobalSection(SolutionConfigurationPlatforms) = preSolution
		Debug|Any CPU = Debug|Any CPU
		Release|Any CPU = Release|Any CPU
	EndGlobalSection
	GlobalSection(ProjectConfigurationPlatforms) = postSolution
		{C916F412-9256-4F75-AAF2-5BD043C3D0BF}.Debug|Any CPU.ActiveCfg = Debug|Any CPU
		{C916F412-9256-4F75-AAF2-5BD043C3D0BF}.Debug|Any CPU.Build.0 = Debug|Any CPU
		{C916F412-9256-4F75-AAF2-5BD043C3D0BF}.Release|Any CPU.ActiveCfg = Release|Any CPU
		{C916F412-9256-4F75-AAF2-5BD043C3D0BF}.Release|Any CPU.Build.0 = Release|Any CPU
		{894B109C-9286-4977-B60A-6243E69FF279}.Debug|Any CPU.ActiveCfg = Debug|Any CPU
		{894B109C-9286-4977-B60A-6243E69FF279}.Debug|Any CPU.Build.0 = Debug|Any CPU
		{894B109C-9286-4977-B60A-6243E69FF279}.Release|Any CPU.ActiveCfg = Release|Any CPU
		{894B109C-9286-4977-B60A-6243E69FF279}.Release|Any CPU.Build.0 = Release|Any CPU
		{4EE3A5AE-A0F4-4844-90D3-48BD44EE00F6}.Debug|Any CPU.ActiveCfg = Debug|Any CPU
		{4EE3A5AE-A0F4-4844-90D3-48BD44EE00F6}.Debug|Any CPU.Build.0 = Debug|Any CPU
		{4EE3A5AE-A0F4-4844-90D3-48BD44EE00F6}.Release|Any CPU.ActiveCfg = Release|Any CPU
		{4EE3A5AE-A0F4-4844-90D3-48BD44EE00F6}.Release|Any CPU.Build.0 = Release|Any CPU
		{E115812F-D357-4F26-8BE3-127F7AECAF35}.Debug|Any CPU.ActiveCfg = Debug|Any CPU
		{E115812F-D357-4F26-8BE3-127F7AECAF35}.Debug|Any CPU.Build.0 = Debug|Any CPU
		{E115812F-D357-4F26-8BE3-127F7AECAF35}.Release|Any CPU.ActiveCfg = Release|Any CPU
		{E115812F-D357-4F26-8BE3-127F7AECAF35}.Release|Any CPU.Build.0 = Release|Any CPU
		{BFE1296E-03E1-467D-A9F0-ADDE0D570ABB}.Debug|Any CPU.ActiveCfg = Debug|Any CPU
		{BFE1296E-03E1-467D-A9F0-ADDE0D570ABB}.Debug|Any CPU.Build.0 = Debug|Any CPU
		{BFE1296E-03E1-467D-A9F0-ADDE0D570ABB}.Release|Any CPU.ActiveCfg = Release|Any CPU
		{BFE1296E-03E1-467D-A9F0-ADDE0D570ABB}.Release|Any CPU.Build.0 = Release|Any CPU
		{F413B9EC-06DB-4494-9A8D-F8861121BBDD}.Debug|Any CPU.ActiveCfg = Debug|Any CPU
		{F413B9EC-06DB-4494-9A8D-F8861121BBDD}.Debug|Any CPU.Build.0 = Debug|Any CPU
		{F413B9EC-06DB-4494-9A8D-F8861121BBDD}.Release|Any CPU.ActiveCfg = Release|Any CPU
		{F413B9EC-06DB-4494-9A8D-F8861121BBDD}.Release|Any CPU.Build.0 = Release|Any CPU
	EndGlobalSection
	GlobalSection(SolutionProperties) = preSolution
		HideSolutionNode = FALSE
	EndGlobalSection
	GlobalSection(ExtensibilityGlobals) = postSolution
		SolutionGuid = {C23DC7E8-B6F0-4C9A-902A-FE89A97CBA08}
	EndGlobalSection
EndGlobal
